
Microsoft Visual Studio Solution File, Format Version 12.00
# Visual Studio 2017
Project("{FAE04EC0-301F-11D3-BF4B-00C04F79EFBC}") = "30Gennaio", "30Gennaio.csproj", "{51555024-3C26-0DF6-4002-453A95DC25B5}"
EndProject
Project("{FAE04EC0-301F-11D3-BF4B-00C04F79EFBC}") = "30Gennaio.Editor", "30Gennaio.Editor.csproj", "{66D568F2-027E-7F02-015E-D0AA4692A3F5}"
EndProject
Global
	GlobalSection(SolutionConfigurationPlatforms) = preSolution
		Debug|Any CPU = Debug|Any CPU
		Release|Any CPU = Release|Any CPU
	EndGlobalSection
	GlobalSection(ProjectConfigurationPlatforms) = postSolution
		{51555024-3C26-0DF6-4002-453A95DC25B5}.Debug|Any CPU.ActiveCfg = Debug|Any CPU
		{51555024-3C26-0DF6-4002-453A95DC25B5}.Debug|Any CPU.Build.0 = Debug|Any CPU
		{51555024-3C26-0DF6-4002-453A95DC25B5}.Release|Any CPU.ActiveCfg = Release|Any CPU
		{51555024-3C26-0DF6-4002-453A95DC25B5}.Release|Any CPU.Build.0 = Release|Any CPU
		{66D568F2-027E-7F02-015E-D0AA4692A3F5}.Debug|Any CPU.ActiveCfg = Debug|Any CPU
		{66D568F2-027E-7F02-015E-D0AA4692A3F5}.Debug|Any CPU.Build.0 = Debug|Any CPU
		{66D568F2-027E-7F02-015E-D0AA4692A3F5}.Release|Any CPU.ActiveCfg = Release|Any CPU
		{66D568F2-027E-7F02-015E-D0AA4692A3F5}.Release|Any CPU.Build.0 = Release|Any CPU
	EndGlobalSection
	GlobalSection(SolutionProperties) = preSolution
		HideSolutionNode = FALSE
	EndGlobalSection
EndGlobal
